
Microsoft Visual Studio Solution File, Format Version 12.00
# Visual Studio Version 17
VisualStudioVersion = 17.7.34031.279
MinimumVisualStudioVersion = 10.0.40219.1
Project("{FAE04EC0-301F-11D3-BF4B-00C04F79EFBC}") = "lab1.солодкая", "lab1.солодкая\lab1.солодкая.csproj", "{90CAB5B8-30E8-4981-948E-AA531616656A}"
EndProject
Global
	GlobalSection(SolutionConfigurationPlatforms) = preSolution
		Debug|Any CPU = Debug|Any CPU
		Release|Any CPU = Release|Any CPU
	EndGlobalSection
	GlobalSection(ProjectConfigurationPlatforms) = postSolution
		{90CAB5B8-30E8-4981-948E-AA531616656A}.Debug|Any CPU.ActiveCfg = Debug|Any CPU
		{90CAB5B8-30E8-4981-948E-AA531616656A}.Debug|Any CPU.Build.0 = Debug|Any CPU
		{90CAB5B8-30E8-4981-948E-AA531616656A}.Release|Any CPU.ActiveCfg = Release|Any CPU
		{90CAB5B8-30E8-4981-948E-AA531616656A}.Release|Any CPU.Build.0 = Release|Any CPU
	EndGlobalSection
	GlobalSection(SolutionProperties) = preSolution
		HideSolutionNode = FALSE
	EndGlobalSection
	GlobalSection(ExtensibilityGlobals) = postSolution
		SolutionGuid = {7DA07CAA-00CA-4DE8-9AD3-0960B2893351}
	EndGlobalSection
EndGlobal
